
Microsoft Visual Studio Solution File, Format Version 12.00
# Visual Studio Version 16
VisualStudioVersion = 16.0.33027.164
MinimumVisualStudioVersion = 10.0.40219.1
Project("{FAE04EC0-301F-11D3-BF4B-00C04F79EFBC}") = "LearningWebApiApp", "LearningWebApiApp\LearningWebApiApp.csproj", "{35B2EAEB-3798-4387-9263-EBC471AB00C2}"
EndProject
Project("{FAE04EC0-301F-11D3-BF4B-00C04F79EFBC}") = "LearningWebApiAppUnitTest", "LearningWebApiAppUnitTest\LearningWebApiAppUnitTest.csproj", "{87C2AC00-A35A-4A67-B327-7013D3C3967D}"
EndProject
Global
	GlobalSection(SolutionConfigurationPlatforms) = preSolution
		Debug|Any CPU = Debug|Any CPU
		Release|Any CPU = Release|Any CPU
	EndGlobalSection
	GlobalSection(ProjectConfigurationPlatforms) = postSolution
		{35B2EAEB-3798-4387-9263-EBC471AB00C2}.Debug|Any CPU.ActiveCfg = Debug|Any CPU
		{35B2EAEB-3798-4387-9263-EBC471AB00C2}.Debug|Any CPU.Build.0 = Debug|Any CPU
		{35B2EAEB-3798-4387-9263-EBC471AB00C2}.Release|Any CPU.ActiveCfg = Release|Any CPU
		{35B2EAEB-3798-4387-9263-EBC471AB00C2}.Release|Any CPU.Build.0 = Release|Any CPU
		{87C2AC00-A35A-4A67-B327-7013D3C3967D}.Debug|Any CPU.ActiveCfg = Debug|Any CPU
		{87C2AC00-A35A-4A67-B327-7013D3C3967D}.Debug|Any CPU.Build.0 = Debug|Any CPU
		{87C2AC00-A35A-4A67-B327-7013D3C3967D}.Release|Any CPU.ActiveCfg = Release|Any CPU
		{87C2AC00-A35A-4A67-B327-7013D3C3967D}.Release|Any CPU.Build.0 = Release|Any CPU
	EndGlobalSection
	GlobalSection(SolutionProperties) = preSolution
		HideSolutionNode = FALSE
	EndGlobalSection
	GlobalSection(ExtensibilityGlobals) = postSolution
		SolutionGuid = {6045D1FF-7C95-49F1-9DB3-CE6B48EE6E4D}
	EndGlobalSection
EndGlobal
